
Microsoft Visual Studio Solution File, Format Version 12.00
# Visual Studio 14
VisualStudioVersion = 14.0.24720.0
MinimumVisualStudioVersion = 10.0.40219.1
Project("{FAE04EC0-301F-11D3-BF4B-00C04F79EFBC}") = "420-476-ProjetFinal-Desrosiers-Pucacco-Lam", "420-476-ProjetFinal-Desrosiers-Pucacco-Lam\420-476-ProjetFinal-Desrosiers-Pucacco-Lam.csproj", "{0CC44ED1-2B3C-4C4B-8B86-805580BF1C20}"
EndProject
Global
	GlobalSection(SolutionConfigurationPlatforms) = preSolution
		Debug|Any CPU = Debug|Any CPU
		Release|Any CPU = Release|Any CPU
	EndGlobalSection
	GlobalSection(ProjectConfigurationPlatforms) = postSolution
		{0CC44ED1-2B3C-4C4B-8B86-805580BF1C20}.Debug|Any CPU.ActiveCfg = Debug|Any CPU
		{0CC44ED1-2B3C-4C4B-8B86-805580BF1C20}.Debug|Any CPU.Build.0 = Debug|Any CPU
		{0CC44ED1-2B3C-4C4B-8B86-805580BF1C20}.Release|Any CPU.ActiveCfg = Release|Any CPU
		{0CC44ED1-2B3C-4C4B-8B86-805580BF1C20}.Release|Any CPU.Build.0 = Release|Any CPU
	EndGlobalSection
	GlobalSection(SolutionProperties) = preSolution
		HideSolutionNode = FALSE
	EndGlobalSection
EndGlobal
